
Microsoft Visual Studio Solution File, Format Version 12.00
# Visual Studio Version 17
VisualStudioVersion = 17.4.33205.214
MinimumVisualStudioVersion = 10.0.40219.1
Project("{FAE04EC0-301F-11D3-BF4B-00C04F79EFBC}") = "Chapter.WebApi", "Chapter.WebApi\Chapter.WebApi.csproj", "{979EFD28-5891-4577-AA7E-2ADDEB145A84}"
EndProject
Global
	GlobalSection(SolutionConfigurationPlatforms) = preSolution
		Debug|Any CPU = Debug|Any CPU
		Release|Any CPU = Release|Any CPU
	EndGlobalSection
	GlobalSection(ProjectConfigurationPlatforms) = postSolution
		{979EFD28-5891-4577-AA7E-2ADDEB145A84}.Debug|Any CPU.ActiveCfg = Debug|Any CPU
		{979EFD28-5891-4577-AA7E-2ADDEB145A84}.Debug|Any CPU.Build.0 = Debug|Any CPU
		{979EFD28-5891-4577-AA7E-2ADDEB145A84}.Release|Any CPU.ActiveCfg = Release|Any CPU
		{979EFD28-5891-4577-AA7E-2ADDEB145A84}.Release|Any CPU.Build.0 = Release|Any CPU
	EndGlobalSection
	GlobalSection(SolutionProperties) = preSolution
		HideSolutionNode = FALSE
	EndGlobalSection
	GlobalSection(ExtensibilityGlobals) = postSolution
		SolutionGuid = {CCE81B38-8420-4D0E-BD7A-1B9597DAAA0D}
	EndGlobalSection
EndGlobal
